// !$*UTF8*$!
{
	archiveVersion = 1;
	classes = {
	};
	objectVersion = 46;
	objects = {

/* Begin PBXBuildFile section */
		7020A4781CE093A400648055 /* AppDelegate.swift in Sources */ = {isa = PBXBuildFile; fileRef = 7020A4771CE093A400648055 /* AppDelegate.swift */; };
		7020A47A1CE093A400648055 /* ViewController.swift in Sources */ = {isa = PBXBuildFile; fileRef = 7020A4791CE093A400648055 /* ViewController.swift */; };
		7020A47D1CE093A500648055 /* Main.storyboard in Resources */ = {isa = PBXBuildFile; fileRef = 7020A47B1CE093A500648055 /* Main.storyboard */; };
		7020A47F1CE093A500648055 /* Assets.xcassets in Resources */ = {isa = PBXBuildFile; fileRef = 7020A47E1CE093A500648055 /* Assets.xcassets */; };
		7020A4821CE093A500648055 /* LaunchScreen.storyboard in Resources */ = {isa = PBXBuildFile; fileRef = 7020A4801CE093A500648055 /* LaunchScreen.storyboard */; };
/* End PBXBuildFile section */

/* Begin PBXFileReference section */
		7020A4741CE093A400648055 /* guessNumGame.app */ = {isa = PBXFileReference; explicitFileType = wrapper.application; includeInIndex = 0; path = guessNumGame.app; sourceTree = BUILT_PRODUCTS_DIR; };
		7020A4771CE093A400648055 /* AppDelegate.swift */ = {isa = PBXFileReference; lastKnownFileType = sourcecode.swift; path = AppDelegate.swift; sourceTree = "<group>"; };
		7020A4791CE093A400648055 /* ViewController.swift */ = {isa = PBXFileReference; lastKnownFileType = sourcecode.swift; path = ViewController.swift; sourceTree = "<group>"; };
		7020A47C1CE093A500648055 /* Base */ = {isa = PBXFileReference; lastKnownFileType = file.storyboard; name = Base; path = Base.lproj/Main.storyboard; sourceTree = "<group>"; };
		7020A47E1CE093A500648055 /* Assets.xcassets */ = {isa = PBXFileReference; lastKnownFileType = folder.assetcatalog; path = Assets.xcassets; sourceTree = "<group>"; };
		7020A4811CE093A500648055 /* Base */ = {isa = PBXFileReference; lastKnownFileType = file.storyboard; name = Base; path = Base.lproj/LaunchScreen.storyboard; sourceTree = "<group>"; };
		7020A4831CE093A500648055 /* Info.plist */ = {isa = PBXFileReference; lastKnownFileType = text.plist.xml; path = Info.plist; sourceTree = "<group>"; };
/* End PBXFileReference section */

/* Begin PBXFrameworksBuildPhase section */
		7020A4711CE093A400648055 /* Frameworks */ = {
			isa = PBXFrameworksBuildPhase;
			buildActionMask = 2147483647;
			files = (
			);
			runOnlyForDeploymentPostprocessing = 0;
		};
/* End PBXFrameworksBuildPhase section */

/* Begin PBXGroup section */
		7020A46B1CE093A400648055 = {
			isa = PBXGroup;
			children = (
				7020A4761CE093A400648055 /* guessNumGame */,
				7020A4751CE093A400648055 /* Products */,
			);
			sourceTree = "<group>";
		};
		7020A4751CE093A400648055 /* Products */ = {
			isa = PBXGroup;
			children = (
				7020A4741CE093A400648055 /* guessNumGame.app */,
			);
			name = Products;
			sourceTree = "<group>";
		};
		7020A4761CE093A400648055 /* guessNumGame */ = {
			isa = PBXGroup;
			children = (
				7020A4771CE093A400648055 /* AppDelegate.swift */,
				7020A4791CE093A400648055 /* ViewController.swift */,
				7020A47B1CE093A500648055 /* Main.storyboard */,
				7020A47E1CE093A500648055 /* Assets.xcassets */,
				7020A4801CE093A500648055 /* LaunchScreen.storyboard */,
				7020A4831CE093A500648055 /* Info.plist */,
			);
			path = guessNumGame;
			sourceTree = "<group>";
		};
/* End PBXGroup section */

/* Begin PBXNativeTarget section */
		7020A4731CE093A400648055 /* guessNumGame */ = {
			isa = PBXNativeTarget;
			buildConfigurationList = 7020A4861CE093A500648055 /* Build configuration list for PBXNativeTarget "guessNumGame" */;
			buildPhases = (
				7020A4701CE093A400648055 /* Sources */,
				7020A4711CE093A400648055 /* Frameworks */,
				7020A4721CE093A400648055 /* Resources */,
			);
			buildRules = (
			);
			dependencies = (
			);
			name = guessNumGame;
			productName = guessNumGame;
			productReference = 7020A4741CE093A400648055 /* guessNumGame.app */;
			productType = "com.apple.product-type.application";
		};
/* End PBXNativeTarget section */

/* Begin PBXProject section */
		7020A46C1CE093A400648055 /* Project object */ = {
			isa = PBXProject;
			attributes = {
				LastSwiftUpdateCheck = 0730;
				LastUpgradeCheck = 0730;
				ORGANIZATIONNAME = "Karen Lu";
				TargetAttributes = {
					7020A4731CE093A400648055 = {
						CreatedOnToolsVersion = 7.3;
					};
				};
			};
			buildConfigurationList = 7020A46F1CE093A400648055 /* Build configuration list for PBXProject "guessNumGame" */;
			compatibilityVersion = "Xcode 3.2";
			developmentRegion = English;
			hasScannedForEncodings = 0;
			knownRegions = (
				en,
				Base,
			);
			mainGroup = 7020A46B1CE093A400648055;
			productRefGroup = 7020A4751CE093A400648055 /* Products */;
			projectDirPath = "";
			projectRoot = "";
			targets = (
				7020A4731CE093A400648055 /* guessNumGame */,
			);
		};
/* End PBXProject section */

/* Begin PBXResourcesBuildPhase section */
		7020A4721CE093A400648055 /* Resources */ = {
			isa = PBXResourcesBuildPhase;
			buildActionMask = 2147483647;
			files = (
				7020A4821CE093A500648055 /* LaunchScreen.storyboard in Resources */,
				7020A47F1CE093A500648055 /* Assets.xcassets in Resources */,
				7020A47D1CE093A500648055 /* Main.storyboard in Resources */,
			);
			runOnlyForDeploymentPostprocessing = 0;
		};
/* End PBXResourcesBuildPhase section */

/* Begin PBXSourcesBuildPhase section */
		7020A4701CE093A400648055 /* Sources */ = {
			isa = PBXSourcesBuildPhase;
			buildActionMask = 2147483647;
			files = (
				7020A47A1CE093A400648055 /* ViewController.swift in Sources */,
				7020A4781CE093A400648055 /* AppDelegate.swift in Sources */,
			);
			runOnlyForDeploymentPostprocessing = 0;
		};
/* End PBXSourcesBuildPhase section */

/* Begin PBXVariantGroup section */
		7020A47B1CE093A500648055 /* Main.storyboard */ = {
			isa = PBXVariantGroup;
			children = (
				7020A47C1CE093A500648055 /* Base */,
			);
			name = Main.storyboard;
			sourceTree = "<group>";
		};
		7020A4801CE093A500648055 /* LaunchScreen.storyboard */ = {
			isa = PBXVariantGroup;
			children = (
				7020A4811CE093A500648055 /* Base */,
			);
			name = LaunchScreen.storyboard;
			sourceTree = "<group>";
		};
/* End PBXVariantGroup section */

/* Begin XCBuildConfiguration section */
		7020A4841CE093A500648055 /* Debug */ = {
			isa = XCBuildConfiguration;
			buildSettings = {
				ALWAYS_SEARCH_USER_PATHS = NO;
				CLANG_ANALYZER_NONNULL = YES;
				CLANG_CXX_LANGUAGE_STANDARD = "gnu++0x";
				CLANG_CXX_LIBRARY = "libc++";
				CLANG_ENABLE_MODULES = YES;
				CLANG_ENABLE_OBJC_ARC = YES;
				CLANG_WARN_BOOL_CONVERSION = YES;
				CLANG_WARN_CONSTANT_CONVERSION = YES;
				CLANG_WARN_DIRECT_OBJC_ISA_USAGE = YES_ERROR;
				CLANG_WARN_EMPTY_BODY = YES;
				CLANG_WARN_ENUM_CONVERSION = YES;
				CLANG_WARN_INT_CONVERSION = YES;
				CLANG_WARN_OBJC_ROOT_CLASS = YES_ERROR;
				CLANG_WARN_UNREACHABLE_CODE = YES;
				CLANG_WARN__DUPLICATE_METHOD_MATCH = YES;
				"CODE_SIGN_IDENTITY[sdk=iphoneos*]" = "iPhone Developer";
				COPY_PHASE_STRIP = NO;
				DEBUG_INFORMATION_FORMAT = dwarf;
				ENABLE_STRICT_OBJC_MSGSEND = YES;
				ENABLE_TESTABILITY = YES;
				GCC_C_LANGUAGE_STANDARD = gnu99;
				GCC_DYNAMIC_NO_PIC = NO;
				GCC_NO_COMMON_BLOCKS = YES;
				GCC_OPTIMIZATION_LEVEL = 0;
				GCC_PREPROCESSOR_DEFINITIONS = (
					"DEBUG=1",
					"$(inherited)",
				);
				GCC_WARN_64_TO_32_BIT_CONVERSION = YES;
				GCC_WARN_ABOUT_RETURN_TYPE = YES_ERROR;
				GCC_WARN_UNDECLARED_SELECTOR = YES;
				GCC_WARN_UNINITIALIZED_AUTOS = YES_AGGRESSIVE;
				GCC_WARN_UNUSED_FUNCTION = YES;
				GCC_WARN_UNUSED_VARIABLE = YES;
				IPHONEOS_DEPLOYMENT_TARGET = 9.3;
				MTL_ENABLE_DEBUG_INFO = YES;
				ONLY_ACTIVE_ARCH = YES;
				SDKROOT = iphoneos;
				SWIFT_OPTIMIZATION_LEVEL = "-Onone";
			};
			name = Debug;
		};
		7020A4851CE093A500648055 /* Release */ = {
			isa = XCBuildConfiguration;
			buildSettings = {
				ALWAYS_SEARCH_USER_PATHS = NO;
				CLANG_ANALYZER_NONNULL = YES;
				CLANG_CXX_LANGUAGE_STANDARD = "gnu++0x";
				CLANG_CXX_LIBRARY = "libc++";
				CLANG_ENABLE_MODULES = YES;
				CLANG_ENABLE_OBJC_ARC = YES;
				CLANG_WARN_BOOL_CONVERSION = YES;
				CLANG_WARN_CONSTANT_CONVERSION = YES;
				CLANG_WARN_DIRECT_OBJC_ISA_USAGE = YES_ERROR;
				CLANG_WARN_EMPTY_BODY = YES;
				CLANG_WARN_ENUM_CONVERSION = YES;
				CLANG_WARN_INT_CONVERSION = YES;
				CLANG_WARN_OBJC_ROOT_CLASS = YES_ERROR;
				CLANG_WARN_UNREACHABLE_CODE = YES;
				CLANG_WARN__DUPLICATE_METHOD_MATCH = YES;
				"CODE_SIGN_IDENTITY[sdk=iphoneos*]" = "iPhone Developer";
				COPY_PHASE_STRIP = NO;
				DEBUG_INFORMATION_FORMAT = "dwarf-with-dsym";
				ENABLE_NS_ASSERTIONS = NO;
				ENABLE_STRICT_OBJC_MSGSEND = YES;
				GCC_C_LANGUAGE_STANDARD = gnu99;
				GCC_NO_COMMON_BLOCKS = YES;
				GCC_WARN_64_TO_32_BIT_CONVERSION = YES;
				GCC_WARN_ABOUT_RETURN_TYPE = YES_ERROR;
				GCC_WARN_UNDECLARED_SELECTOR = YES;
				GCC_WARN_UNINITIALIZED_AUTOS = YES_AGGRESSIVE;
				GCC_WARN_UNUSED_FUNCTION = YES;
				GCC_WARN_UNUSED_VARIABLE = YES;
				IPHONEOS_DEPLOYMENT_TARGET = 9.3;
				MTL_ENABLE_DEBUG_INFO = NO;
				SDKROOT = iphoneos;
				VALIDATE_PRODUCT = YES;
			};
			name = Release;
		};
		7020A4871CE093A500648055 /* Debug */ = {
			isa = XCBuildConfiguration;
			buildSettings = {
				ASSETCATALOG_COMPILER_APPICON_NAME = AppIcon;
				INFOPLIST_FILE = guessNumGame/Info.plist;
				LD_RUNPATH_SEARCH_PATHS = "$(inherited) @executable_path/Frameworks";
				PRODUCT_BUNDLE_IDENTIFIER = com.karenlu.guessNumGame;
				PRODUCT_NAME = "$(TARGET_NAME)";
			};
			name = Debug;
		};
		7020A4881CE093A500648055 /* Release */ = {
			isa = XCBuildConfiguration;
			buildSettings = {
				ASSETCATALOG_COMPILER_APPICON_NAME = AppIcon;
				INFOPLIST_FILE = guessNumGame/Info.plist;
				LD_RUNPATH_SEARCH_PATHS = "$(inherited) @executable_path/Frameworks";
				PRODUCT_BUNDLE_IDENTIFIER = com.karenlu.guessNumGame;
				PRODUCT_NAME = "$(TARGET_NAME)";
			};
			name = Release;
		};
/* End XCBuildConfiguration section */

/* Begin XCConfigurationList section */
		7020A46F1CE093A400648055 /* Build configuration list for PBXProject "guessNumGame" */ = {
			isa = XCConfigurationList;
			buildConfigurations = (
				7020A4841CE093A500648055 /* Debug */,
				7020A4851CE093A500648055 /* Release */,
			);
			defaultConfigurationIsVisible = 0;
			defaultConfigurationName = Release;
		};
		7020A4861CE093A500648055 /* Build configuration list for PBXNativeTarget "guessNumGame" */ = {
			isa = XCConfigurationList;
			buildConfigurations = (
				7020A4871CE093A500648055 /* Debug */,
				7020A4881CE093A500648055 /* Release */,
			);
			defaultConfigurationIsVisible = 0;
		};
/* End XCConfigurationList section */
	};
	rootObject = 7020A46C1CE093A400648055 /* Project object */;
}
